// !$*UTF8*$!
{
	archiveVersion = 1;
	classes = {
	};
	objectVersion = 46;
	objects = {

/* Begin PBXBuildFile section */
		F04189391CACA229003461CA /* CopperKit.framework in Frameworks */ = {isa = PBXBuildFile; fileRef = F04189371CACA217003461CA /* CopperKit.framework */; };
		F041893A1CACA229003461CA /* CopperKit.framework in Embed Frameworks */ = {isa = PBXBuildFile; fileRef = F04189371CACA217003461CA /* CopperKit.framework */; settings = {ATTRIBUTES = (CodeSignOnCopy, RemoveHeadersOnCopy, ); }; };
		F0E8BBBC1C98FFEB00B9A850 /* AppDelegate.swift in Sources */ = {isa = PBXBuildFile; fileRef = F0E8BBBB1C98FFEB00B9A850 /* AppDelegate.swift */; };
		F0E8BBBE1C98FFEB00B9A850 /* ViewController.swift in Sources */ = {isa = PBXBuildFile; fileRef = F0E8BBBD1C98FFEB00B9A850 /* ViewController.swift */; };
		F0E8BBC11C98FFEB00B9A850 /* Main.storyboard in Resources */ = {isa = PBXBuildFile; fileRef = F0E8BBBF1C98FFEB00B9A850 /* Main.storyboard */; };
		F0E8BBC31C98FFEB00B9A850 /* Assets.xcassets in Resources */ = {isa = PBXBuildFile; fileRef = F0E8BBC21C98FFEB00B9A850 /* Assets.xcassets */; };
		F0E8BBC61C98FFEB00B9A850 /* LaunchScreen.storyboard in Resources */ = {isa = PBXBuildFile; fileRef = F0E8BBC41C98FFEB00B9A850 /* LaunchScreen.storyboard */; };
/* End PBXBuildFile section */

/* Begin PBXCopyFilesBuildPhase section */
		F041893B1CACA229003461CA /* Embed Frameworks */ = {
			isa = PBXCopyFilesBuildPhase;
			buildActionMask = 2147483647;
			dstPath = "";
			dstSubfolderSpec = 10;
			files = (
				F041893A1CACA229003461CA /* CopperKit.framework in Embed Frameworks */,
			);
			name = "Embed Frameworks";
			runOnlyForDeploymentPostprocessing = 0;
		};
/* End PBXCopyFilesBuildPhase section */

/* Begin PBXFileReference section */
		F04189371CACA217003461CA /* CopperKit.framework */ = {isa = PBXFileReference; lastKnownFileType = wrapper.framework; path = CopperKit.framework; sourceTree = "<group>"; };
		F0E8BBB81C98FFEB00B9A850 /* CopperKitTest.app */ = {isa = PBXFileReference; explicitFileType = wrapper.application; includeInIndex = 0; path = CopperKitTest.app; sourceTree = BUILT_PRODUCTS_DIR; };
		F0E8BBBB1C98FFEB00B9A850 /* AppDelegate.swift */ = {isa = PBXFileReference; lastKnownFileType = sourcecode.swift; path = AppDelegate.swift; sourceTree = "<group>"; };
		F0E8BBBD1C98FFEB00B9A850 /* ViewController.swift */ = {isa = PBXFileReference; lastKnownFileType = sourcecode.swift; path = ViewController.swift; sourceTree = "<group>"; };
		F0E8BBC01C98FFEB00B9A850 /* Base */ = {isa = PBXFileReference; lastKnownFileType = file.storyboard; name = Base; path = Base.lproj/Main.storyboard; sourceTree = "<group>"; };
		F0E8BBC21C98FFEB00B9A850 /* Assets.xcassets */ = {isa = PBXFileReference; lastKnownFileType = folder.assetcatalog; path = Assets.xcassets; sourceTree = "<group>"; };
		F0E8BBC51C98FFEB00B9A850 /* Base */ = {isa = PBXFileReference; lastKnownFileType = file.storyboard; name = Base; path = Base.lproj/LaunchScreen.storyboard; sourceTree = "<group>"; };
		F0E8BBC71C98FFEB00B9A850 /* Info.plist */ = {isa = PBXFileReference; lastKnownFileType = text.plist.xml; path = Info.plist; sourceTree = "<group>"; };
/* End PBXFileReference section */

/* Begin PBXFrameworksBuildPhase section */
		F0E8BBB51C98FFEB00B9A850 /* Frameworks */ = {
			isa = PBXFrameworksBuildPhase;
			buildActionMask = 2147483647;
			files = (
				F04189391CACA229003461CA /* CopperKit.framework in Frameworks */,
			);
			runOnlyForDeploymentPostprocessing = 0;
		};
/* End PBXFrameworksBuildPhase section */

/* Begin PBXGroup section */
		F0E8BBAF1C98FFEB00B9A850 = {
			isa = PBXGroup;
			children = (
				F0E8BBBA1C98FFEB00B9A850 /* CopperKitTest */,
				F0E8BBB91C98FFEB00B9A850 /* Products */,
			);
			sourceTree = "<group>";
		};
		F0E8BBB91C98FFEB00B9A850 /* Products */ = {
			isa = PBXGroup;
			children = (
				F0E8BBB81C98FFEB00B9A850 /* CopperKitTest.app */,
			);
			name = Products;
			sourceTree = "<group>";
		};
		F0E8BBBA1C98FFEB00B9A850 /* CopperKitTest */ = {
			isa = PBXGroup;
			children = (
				F0E8BBBB1C98FFEB00B9A850 /* AppDelegate.swift */,
				F0E8BBBD1C98FFEB00B9A850 /* ViewController.swift */,
				F0E8BBBF1C98FFEB00B9A850 /* Main.storyboard */,
				F0E8BBC21C98FFEB00B9A850 /* Assets.xcassets */,
				F0E8BBC41C98FFEB00B9A850 /* LaunchScreen.storyboard */,
				F0E8BBC71C98FFEB00B9A850 /* Info.plist */,
				F04189371CACA217003461CA /* CopperKit.framework */,
			);
			path = CopperKitTest;
			sourceTree = "<group>";
		};
/* End PBXGroup section */

/* Begin PBXNativeTarget section */
		F0E8BBB71C98FFEB00B9A850 /* CopperKitTest */ = {
			isa = PBXNativeTarget;
			buildConfigurationList = F0E8BBD51C98FFEB00B9A850 /* Build configuration list for PBXNativeTarget "CopperKitTest" */;
			buildPhases = (
				F0E8BBB41C98FFEB00B9A850 /* Sources */,
				F0E8BBB51C98FFEB00B9A850 /* Frameworks */,
				F0E8BBB61C98FFEB00B9A850 /* Resources */,
				F041893B1CACA229003461CA /* Embed Frameworks */,
			);
			buildRules = (
			);
			dependencies = (
			);
			name = CopperKitTest;
			productName = CopperKitTest;
			productReference = F0E8BBB81C98FFEB00B9A850 /* CopperKitTest.app */;
			productType = "com.apple.product-type.application";
		};
/* End PBXNativeTarget section */

/* Begin PBXProject section */
		F0E8BBB01C98FFEB00B9A850 /* Project object */ = {
			isa = PBXProject;
			attributes = {
				LastSwiftUpdateCheck = 0720;
				LastUpgradeCheck = 0720;
				ORGANIZATIONNAME = "Doug Williams";
				TargetAttributes = {
					F0E8BBB71C98FFEB00B9A850 = {
						CreatedOnToolsVersion = 7.2.1;
					};
				};
			};
			buildConfigurationList = F0E8BBB31C98FFEB00B9A850 /* Build configuration list for PBXProject "CopperKitTest" */;
			compatibilityVersion = "Xcode 3.2";
			developmentRegion = English;
			hasScannedForEncodings = 0;
			knownRegions = (
				en,
				Base,
			);
			mainGroup = F0E8BBAF1C98FFEB00B9A850;
			productRefGroup = F0E8BBB91C98FFEB00B9A850 /* Products */;
			projectDirPath = "";
			projectRoot = "";
			targets = (
				F0E8BBB71C98FFEB00B9A850 /* CopperKitTest */,
			);
		};
/* End PBXProject section */

/* Begin PBXResourcesBuildPhase section */
		F0E8BBB61C98FFEB00B9A850 /* Resources */ = {
			isa = PBXResourcesBuildPhase;
			buildActionMask = 2147483647;
			files = (
				F0E8BBC61C98FFEB00B9A850 /* LaunchScreen.storyboard in Resources */,
				F0E8BBC31C98FFEB00B9A850 /* Assets.xcassets in Resources */,
				F0E8BBC11C98FFEB00B9A850 /* Main.storyboard in Resources */,
			);
			runOnlyForDeploymentPostprocessing = 0;
		};
/* End PBXResourcesBuildPhase section */

/* Begin PBXSourcesBuildPhase section */
		F0E8BBB41C98FFEB00B9A850 /* Sources */ = {
			isa = PBXSourcesBuildPhase;
			buildActionMask = 2147483647;
			files = (
				F0E8BBBE1C98FFEB00B9A850 /* ViewController.swift in Sources */,
				F0E8BBBC1C98FFEB00B9A850 /* AppDelegate.swift in Sources */,
			);
			runOnlyForDeploymentPostprocessing = 0;
		};
/* End PBXSourcesBuildPhase section */

/* Begin PBXVariantGroup section */
		F0E8BBBF1C98FFEB00B9A850 /* Main.storyboard */ = {
			isa = PBXVariantGroup;
			children = (
				F0E8BBC01C98FFEB00B9A850 /* Base */,
			);
			name = Main.storyboard;
			sourceTree = "<group>";
		};
		F0E8BBC41C98FFEB00B9A850 /* LaunchScreen.storyboard */ = {
			isa = PBXVariantGroup;
			children = (
				F0E8BBC51C98FFEB00B9A850 /* Base */,
			);
			name = LaunchScreen.storyboard;
			sourceTree = "<group>";
		};
/* End PBXVariantGroup section */

/* Begin XCBuildConfiguration section */
		F0E8BBD31C98FFEB00B9A850 /* Debug */ = {
			isa = XCBuildConfiguration;
			buildSettings = {
				ALWAYS_SEARCH_USER_PATHS = NO;
				CLANG_CXX_LANGUAGE_STANDARD = "gnu++0x";
				CLANG_CXX_LIBRARY = "libc++";
				CLANG_ENABLE_MODULES = YES;
				CLANG_ENABLE_OBJC_ARC = YES;
				CLANG_WARN_BOOL_CONVERSION = YES;
				CLANG_WARN_CONSTANT_CONVERSION = YES;
				CLANG_WARN_DIRECT_OBJC_ISA_USAGE = YES_ERROR;
				CLANG_WARN_EMPTY_BODY = YES;
				CLANG_WARN_ENUM_CONVERSION = YES;
				CLANG_WARN_INT_CONVERSION = YES;
				CLANG_WARN_OBJC_ROOT_CLASS = YES_ERROR;
				CLANG_WARN_UNREACHABLE_CODE = YES;
				CLANG_WARN__DUPLICATE_METHOD_MATCH = YES;
				"CODE_SIGN_IDENTITY[sdk=iphoneos*]" = "iPhone Developer";
				COPY_PHASE_STRIP = NO;
				DEBUG_INFORMATION_FORMAT = dwarf;
				ENABLE_STRICT_OBJC_MSGSEND = YES;
				ENABLE_TESTABILITY = YES;
				GCC_C_LANGUAGE_STANDARD = gnu99;
				GCC_DYNAMIC_NO_PIC = NO;
				GCC_NO_COMMON_BLOCKS = YES;
				GCC_OPTIMIZATION_LEVEL = 0;
				GCC_PREPROCESSOR_DEFINITIONS = (
					"DEBUG=1",
					"$(inherited)",
				);
				GCC_WARN_64_TO_32_BIT_CONVERSION = YES;
				GCC_WARN_ABOUT_RETURN_TYPE = YES_ERROR;
				GCC_WARN_UNDECLARED_SELECTOR = YES;
				GCC_WARN_UNINITIALIZED_AUTOS = YES_AGGRESSIVE;
				GCC_WARN_UNUSED_FUNCTION = YES;
				GCC_WARN_UNUSED_VARIABLE = YES;
				IPHONEOS_DEPLOYMENT_TARGET = 9.2;
				MTL_ENABLE_DEBUG_INFO = YES;
				ONLY_ACTIVE_ARCH = YES;
				SDKROOT = iphoneos;
				SWIFT_OPTIMIZATION_LEVEL = "-Onone";
				TARGETED_DEVICE_FAMILY = "1,2";
			};
			name = Debug;
		};
		F0E8BBD41C98FFEB00B9A850 /* Release */ = {
			isa = XCBuildConfiguration;
			buildSettings = {
				ALWAYS_SEARCH_USER_PATHS = NO;
				CLANG_CXX_LANGUAGE_STANDARD = "gnu++0x";
				CLANG_CXX_LIBRARY = "libc++";
				CLANG_ENABLE_MODULES = YES;
				CLANG_ENABLE_OBJC_ARC = YES;
				CLANG_WARN_BOOL_CONVERSION = YES;
				CLANG_WARN_CONSTANT_CONVERSION = YES;
				CLANG_WARN_DIRECT_OBJC_ISA_USAGE = YES_ERROR;
				CLANG_WARN_EMPTY_BODY = YES;
				CLANG_WARN_ENUM_CONVERSION = YES;
				CLANG_WARN_INT_CONVERSION = YES;
				CLANG_WARN_OBJC_ROOT_CLASS = YES_ERROR;
				CLANG_WARN_UNREACHABLE_CODE = YES;
				CLANG_WARN__DUPLICATE_METHOD_MATCH = YES;
				"CODE_SIGN_IDENTITY[sdk=iphoneos*]" = "iPhone Developer";
				COPY_PHASE_STRIP = NO;
				DEBUG_INFORMATION_FORMAT = "dwarf-with-dsym";
				ENABLE_NS_ASSERTIONS = NO;
				ENABLE_STRICT_OBJC_MSGSEND = YES;
				GCC_C_LANGUAGE_STANDARD = gnu99;
				GCC_NO_COMMON_BLOCKS = YES;
				GCC_WARN_64_TO_32_BIT_CONVERSION = YES;
				GCC_WARN_ABOUT_RETURN_TYPE = YES_ERROR;
				GCC_WARN_UNDECLARED_SELECTOR = YES;
				GCC_WARN_UNINITIALIZED_AUTOS = YES_AGGRESSIVE;
				GCC_WARN_UNUSED_FUNCTION = YES;
				GCC_WARN_UNUSED_VARIABLE = YES;
				IPHONEOS_DEPLOYMENT_TARGET = 9.2;
				MTL_ENABLE_DEBUG_INFO = NO;
				SDKROOT = iphoneos;
				TARGETED_DEVICE_FAMILY = "1,2";
				VALIDATE_PRODUCT = YES;
			};
			name = Release;
		};
		F0E8BBD61C98FFEB00B9A850 /* Debug */ = {
			isa = XCBuildConfiguration;
			buildSettings = {
				ASSETCATALOG_COMPILER_APPICON_NAME = AppIcon;
				ENABLE_BITCODE = NO;
				FRAMEWORK_SEARCH_PATHS = (
					"$(inherited)",
					"$(PROJECT_DIR)/CopperKitTest",
					"$(PROJECT_DIR)",
				);
				INFOPLIST_FILE = CopperKitTest/Info.plist;
				IPHONEOS_DEPLOYMENT_TARGET = 8.2;
				LD_RUNPATH_SEARCH_PATHS = "$(inherited) @executable_path/Frameworks";
				PRODUCT_BUNDLE_IDENTIFIER = com.igudo.Copper.CopperKitTest;
				PRODUCT_NAME = "$(TARGET_NAME)";
			};
			name = Debug;
		};
		F0E8BBD71C98FFEB00B9A850 /* Release */ = {
			isa = XCBuildConfiguration;
			buildSettings = {
				ASSETCATALOG_COMPILER_APPICON_NAME = AppIcon;
				ENABLE_BITCODE = NO;
				FRAMEWORK_SEARCH_PATHS = (
					"$(inherited)",
					"$(PROJECT_DIR)/CopperKitTest",
					"$(PROJECT_DIR)",
				);
				INFOPLIST_FILE = CopperKitTest/Info.plist;
				IPHONEOS_DEPLOYMENT_TARGET = 8.2;
				LD_RUNPATH_SEARCH_PATHS = "$(inherited) @executable_path/Frameworks";
				PRODUCT_BUNDLE_IDENTIFIER = com.igudo.Copper.CopperKitTest;
				PRODUCT_NAME = "$(TARGET_NAME)";
			};
			name = Release;
		};
/* End XCBuildConfiguration section */

/* Begin XCConfigurationList section */
		F0E8BBB31C98FFEB00B9A850 /* Build configuration list for PBXProject "CopperKitTest" */ = {
			isa = XCConfigurationList;
			buildConfigurations = (
				F0E8BBD31C98FFEB00B9A850 /* Debug */,
				F0E8BBD41C98FFEB00B9A850 /* Release */,
			);
			defaultConfigurationIsVisible = 0;
			defaultConfigurationName = Release;
		};
		F0E8BBD51C98FFEB00B9A850 /* Build configuration list for PBXNativeTarget "CopperKitTest" */ = {
			isa = XCConfigurationList;
			buildConfigurations = (
				F0E8BBD61C98FFEB00B9A850 /* Debug */,
				F0E8BBD71C98FFEB00B9A850 /* Release */,
			);
			defaultConfigurationIsVisible = 0;
			defaultConfigurationName = Release;
		};
/* End XCConfigurationList section */
	};
	rootObject = F0E8BBB01C98FFEB00B9A850 /* Project object */;
}
